
Microsoft Visual Studio Solution File, Format Version 12.00
# Visual Studio Version 17
VisualStudioVersion = 17.5.33530.505
MinimumVisualStudioVersion = 10.0.40219.1
Project("{FAE04EC0-301F-11D3-BF4B-00C04F79EFBC}") = "parky_project.API", "parky_project\parky_project.API.csproj", "{882F2323-ED73-4AF8-A6D9-E48D940CADD3}"
EndProject
Project("{FAE04EC0-301F-11D3-BF4B-00C04F79EFBC}") = "Parky_project.BL", "Parky_project.BL\Parky_project.BL.csproj", "{A72A8014-6A5A-4EE8-AFEE-A7C59D9DDA03}"
EndProject
Project("{FAE04EC0-301F-11D3-BF4B-00C04F79EFBC}") = "Parky_project.DAL", "Parky_project.DAL\Parky_project.DAL.csproj", "{CDBDDBA9-582A-4490-AD2E-3645B9EA013D}"
EndProject
Global
	GlobalSection(SolutionConfigurationPlatforms) = preSolution
		Debug|Any CPU = Debug|Any CPU
		Release|Any CPU = Release|Any CPU
	EndGlobalSection
	GlobalSection(ProjectConfigurationPlatforms) = postSolution
		{882F2323-ED73-4AF8-A6D9-E48D940CADD3}.Debug|Any CPU.ActiveCfg = Debug|Any CPU
		{882F2323-ED73-4AF8-A6D9-E48D940CADD3}.Debug|Any CPU.Build.0 = Debug|Any CPU
		{882F2323-ED73-4AF8-A6D9-E48D940CADD3}.Release|Any CPU.ActiveCfg = Release|Any CPU
		{882F2323-ED73-4AF8-A6D9-E48D940CADD3}.Release|Any CPU.Build.0 = Release|Any CPU
		{A72A8014-6A5A-4EE8-AFEE-A7C59D9DDA03}.Debug|Any CPU.ActiveCfg = Debug|Any CPU
		{A72A8014-6A5A-4EE8-AFEE-A7C59D9DDA03}.Debug|Any CPU.Build.0 = Debug|Any CPU
		{A72A8014-6A5A-4EE8-AFEE-A7C59D9DDA03}.Release|Any CPU.ActiveCfg = Release|Any CPU
		{A72A8014-6A5A-4EE8-AFEE-A7C59D9DDA03}.Release|Any CPU.Build.0 = Release|Any CPU
		{CDBDDBA9-582A-4490-AD2E-3645B9EA013D}.Debug|Any CPU.ActiveCfg = Debug|Any CPU
		{CDBDDBA9-582A-4490-AD2E-3645B9EA013D}.Debug|Any CPU.Build.0 = Debug|Any CPU
		{CDBDDBA9-582A-4490-AD2E-3645B9EA013D}.Release|Any CPU.ActiveCfg = Release|Any CPU
		{CDBDDBA9-582A-4490-AD2E-3645B9EA013D}.Release|Any CPU.Build.0 = Release|Any CPU
	EndGlobalSection
	GlobalSection(SolutionProperties) = preSolution
		HideSolutionNode = FALSE
	EndGlobalSection
	GlobalSection(ExtensibilityGlobals) = postSolution
		SolutionGuid = {899D5CED-0204-4444-9ED5-927995A67D57}
	EndGlobalSection
EndGlobal
